
Microsoft Visual Studio Solution File, Format Version 9.00
# Visual C++ Express 2005
Project("{8BC9CEB8-8B4A-11D0-8D11-00A0C91BC942}") = "support", "support\support.vcproj", "{7F4C55EF-9C88-4603-AB6D-A30D6CDD9543}"
	ProjectSection(ProjectDependencies) = postProject
		{5D05872E-A4BF-4FF9-A403-CC57B66F2EE1} = {5D05872E-A4BF-4FF9-A403-CC57B66F2EE1}
	EndProjectSection
EndProject
Project("{8BC9CEB8-8B4A-11D0-8D11-00A0C91BC942}") = "cslom", "cslom\cslom.vcproj", "{5091D3EF-CE63-4D20-800A-5B3CA06A9663}"
	ProjectSection(ProjectDependencies) = postProject
		{5D05872E-A4BF-4FF9-A403-CC57B66F2EE1} = {5D05872E-A4BF-4FF9-A403-CC57B66F2EE1}
		{616ED2D8-B959-43D2-B3E4-DFC262AF157D} = {616ED2D8-B959-43D2-B3E4-DFC262AF157D}
		{7F4C55EF-9C88-4603-AB6D-A30D6CDD9543} = {7F4C55EF-9C88-4603-AB6D-A30D6CDD9543}
	EndProjectSection
EndProject
Project("{8BC9CEB8-8B4A-11D0-8D11-00A0C91BC942}") = "cdom", "cdom\cdom.vcproj", "{DD92ACC2-70E6-4B1A-8BE6-962AFB8F9897}"
	ProjectSection(ProjectDependencies) = postProject
		{5D05872E-A4BF-4FF9-A403-CC57B66F2EE1} = {5D05872E-A4BF-4FF9-A403-CC57B66F2EE1}
		{7F4C55EF-9C88-4603-AB6D-A30D6CDD9543} = {7F4C55EF-9C88-4603-AB6D-A30D6CDD9543}
	EndProjectSection
EndProject
Project("{8BC9CEB8-8B4A-11D0-8D11-00A0C91BC942}") = "adapter", "adapter\adapter.vcproj", "{506FBF78-FE26-402C-9CCB-0C669D3852D4}"
	ProjectSection(ProjectDependencies) = postProject
		{5D05872E-A4BF-4FF9-A403-CC57B66F2EE1} = {5D05872E-A4BF-4FF9-A403-CC57B66F2EE1}
		{DD92ACC2-70E6-4B1A-8BE6-962AFB8F9897} = {DD92ACC2-70E6-4B1A-8BE6-962AFB8F9897}
		{7F4C55EF-9C88-4603-AB6D-A30D6CDD9543} = {7F4C55EF-9C88-4603-AB6D-A30D6CDD9543}
		{5091D3EF-CE63-4D20-800A-5B3CA06A9663} = {5091D3EF-CE63-4D20-800A-5B3CA06A9663}
	EndProjectSection
EndProject
Project("{8BC9CEB8-8B4A-11D0-8D11-00A0C91BC942}") = "autorouter", "autorouter\autorouter.vcproj", "{244F1619-8C2F-4B1E-AD44-3C3C7A35AB4D}"
	ProjectSection(ProjectDependencies) = postProject
		{5D05872E-A4BF-4FF9-A403-CC57B66F2EE1} = {5D05872E-A4BF-4FF9-A403-CC57B66F2EE1}
		{7F4C55EF-9C88-4603-AB6D-A30D6CDD9543} = {7F4C55EF-9C88-4603-AB6D-A30D6CDD9543}
		{5091D3EF-CE63-4D20-800A-5B3CA06A9663} = {5091D3EF-CE63-4D20-800A-5B3CA06A9663}
	EndProjectSection
EndProject
Project("{8BC9CEB8-8B4A-11D0-8D11-00A0C91BC942}") = "csim", "csim\csim.vcproj", "{75ED18FC-9553-4FF2-8A77-59F9219B03FA}"
	ProjectSection(ProjectDependencies) = postProject
		{5D05872E-A4BF-4FF9-A403-CC57B66F2EE1} = {5D05872E-A4BF-4FF9-A403-CC57B66F2EE1}
		{7F4C55EF-9C88-4603-AB6D-A30D6CDD9543} = {7F4C55EF-9C88-4603-AB6D-A30D6CDD9543}
	EndProjectSection
EndProject
Project("{8BC9CEB8-8B4A-11D0-8D11-00A0C91BC942}") = "warnerr", "warnerr\warnerr.vcproj", "{5D05872E-A4BF-4FF9-A403-CC57B66F2EE1}"
EndProject
Project("{8BC9CEB8-8B4A-11D0-8D11-00A0C91BC942}") = "designChecker", "designChecker\designChecker.vcproj", "{98C064DA-4C1F-4C91-9146-445DFE3E2CDB}"
	ProjectSection(ProjectDependencies) = postProject
		{5D05872E-A4BF-4FF9-A403-CC57B66F2EE1} = {5D05872E-A4BF-4FF9-A403-CC57B66F2EE1}
		{7F4C55EF-9C88-4603-AB6D-A30D6CDD9543} = {7F4C55EF-9C88-4603-AB6D-A30D6CDD9543}
		{5091D3EF-CE63-4D20-800A-5B3CA06A9663} = {5091D3EF-CE63-4D20-800A-5B3CA06A9663}
	EndProjectSection
EndProject
Project("{8BC9CEB8-8B4A-11D0-8D11-00A0C91BC942}") = "cslomGens", "cslomGens\cslomGens.vcproj", "{BA362F42-4029-4DA7-A1C4-0A24CE9E5909}"
	ProjectSection(ProjectDependencies) = postProject
		{5D05872E-A4BF-4FF9-A403-CC57B66F2EE1} = {5D05872E-A4BF-4FF9-A403-CC57B66F2EE1}
		{7F4C55EF-9C88-4603-AB6D-A30D6CDD9543} = {7F4C55EF-9C88-4603-AB6D-A30D6CDD9543}
		{5091D3EF-CE63-4D20-800A-5B3CA06A9663} = {5091D3EF-CE63-4D20-800A-5B3CA06A9663}
	EndProjectSection
EndProject
Project("{8BC9CEB8-8B4A-11D0-8D11-00A0C91BC942}") = "cli", "cli\cli.vcproj", "{9FADCA04-E68A-46AD-A141-B9AB54E1C7DB}"
	ProjectSection(ProjectDependencies) = postProject
		{5D05872E-A4BF-4FF9-A403-CC57B66F2EE1} = {5D05872E-A4BF-4FF9-A403-CC57B66F2EE1}
		{7F4C55EF-9C88-4603-AB6D-A30D6CDD9543} = {7F4C55EF-9C88-4603-AB6D-A30D6CDD9543}
	EndProjectSection
EndProject
Project("{8BC9CEB8-8B4A-11D0-8D11-00A0C91BC942}") = "main", "main\main.vcproj", "{A7947B8C-6978-498D-9B31-8E7D80B73EBA}"
	ProjectSection(ProjectDependencies) = postProject
		{9FADCA04-E68A-46AD-A141-B9AB54E1C7DB} = {9FADCA04-E68A-46AD-A141-B9AB54E1C7DB}
		{244F1619-8C2F-4B1E-AD44-3C3C7A35AB4D} = {244F1619-8C2F-4B1E-AD44-3C3C7A35AB4D}
		{5D05872E-A4BF-4FF9-A403-CC57B66F2EE1} = {5D05872E-A4BF-4FF9-A403-CC57B66F2EE1}
		{BA362F42-4029-4DA7-A1C4-0A24CE9E5909} = {BA362F42-4029-4DA7-A1C4-0A24CE9E5909}
		{CB784844-6783-4701-9644-55C07250A57A} = {CB784844-6783-4701-9644-55C07250A57A}
		{291E8F6A-3928-499F-A484-6E6069F6178C} = {291E8F6A-3928-499F-A484-6E6069F6178C}
		{506FBF78-FE26-402C-9CCB-0C669D3852D4} = {506FBF78-FE26-402C-9CCB-0C669D3852D4}
		{FD515D7C-74F0-4A96-8B70-11DFBEE1B2AA} = {FD515D7C-74F0-4A96-8B70-11DFBEE1B2AA}
		{DD92ACC2-70E6-4B1A-8BE6-962AFB8F9897} = {DD92ACC2-70E6-4B1A-8BE6-962AFB8F9897}
		{98C064DA-4C1F-4C91-9146-445DFE3E2CDB} = {98C064DA-4C1F-4C91-9146-445DFE3E2CDB}
		{7F4C55EF-9C88-4603-AB6D-A30D6CDD9543} = {7F4C55EF-9C88-4603-AB6D-A30D6CDD9543}
		{5091D3EF-CE63-4D20-800A-5B3CA06A9663} = {5091D3EF-CE63-4D20-800A-5B3CA06A9663}
		{75ED18FC-9553-4FF2-8A77-59F9219B03FA} = {75ED18FC-9553-4FF2-8A77-59F9219B03FA}
		{616ED2D8-B959-43D2-B3E4-DFC262AF157D} = {616ED2D8-B959-43D2-B3E4-DFC262AF157D}
	EndProjectSection
EndProject
Project("{8BC9CEB8-8B4A-11D0-8D11-00A0C91BC942}") = "parserCsl", "parserCsl\parserCsl.vcproj", "{CB784844-6783-4701-9644-55C07250A57A}"
	ProjectSection(ProjectDependencies) = postProject
		{5D05872E-A4BF-4FF9-A403-CC57B66F2EE1} = {5D05872E-A4BF-4FF9-A403-CC57B66F2EE1}
		{7F4C55EF-9C88-4603-AB6D-A30D6CDD9543} = {7F4C55EF-9C88-4603-AB6D-A30D6CDD9543}
		{5091D3EF-CE63-4D20-800A-5B3CA06A9663} = {5091D3EF-CE63-4D20-800A-5B3CA06A9663}
	EndProjectSection
EndProject
Project("{8BC9CEB8-8B4A-11D0-8D11-00A0C91BC942}") = "parserVerilog", "parserVerilog\parserVerilog.vcproj", "{FD515D7C-74F0-4A96-8B70-11DFBEE1B2AA}"
	ProjectSection(ProjectDependencies) = postProject
		{5D05872E-A4BF-4FF9-A403-CC57B66F2EE1} = {5D05872E-A4BF-4FF9-A403-CC57B66F2EE1}
		{DD92ACC2-70E6-4B1A-8BE6-962AFB8F9897} = {DD92ACC2-70E6-4B1A-8BE6-962AFB8F9897}
		{7F4C55EF-9C88-4603-AB6D-A30D6CDD9543} = {7F4C55EF-9C88-4603-AB6D-A30D6CDD9543}
	EndProjectSection
EndProject
Project("{8BC9CEB8-8B4A-11D0-8D11-00A0C91BC942}") = "antlr_ast", "antlr_ast\antlr_ast.vcproj", "{291E8F6A-3928-499F-A484-6E6069F6178C}"
EndProject
Project("{8BC9CEB8-8B4A-11D0-8D11-00A0C91BC942}") = "preproc", "preproc\preproc.vcproj", "{616ED2D8-B959-43D2-B3E4-DFC262AF157D}"
	ProjectSection(ProjectDependencies) = postProject
		{9FADCA04-E68A-46AD-A141-B9AB54E1C7DB} = {9FADCA04-E68A-46AD-A141-B9AB54E1C7DB}
		{5D05872E-A4BF-4FF9-A403-CC57B66F2EE1} = {5D05872E-A4BF-4FF9-A403-CC57B66F2EE1}
		{7F4C55EF-9C88-4603-AB6D-A30D6CDD9543} = {7F4C55EF-9C88-4603-AB6D-A30D6CDD9543}
	EndProjectSection
EndProject
Global
	GlobalSection(SolutionConfigurationPlatforms) = preSolution
		Debug|Win32 = Debug|Win32
		Release|Win32 = Release|Win32
	EndGlobalSection
	GlobalSection(ProjectConfigurationPlatforms) = postSolution
		{7F4C55EF-9C88-4603-AB6D-A30D6CDD9543}.Debug|Win32.ActiveCfg = Debug|Win32
		{7F4C55EF-9C88-4603-AB6D-A30D6CDD9543}.Debug|Win32.Build.0 = Debug|Win32
		{7F4C55EF-9C88-4603-AB6D-A30D6CDD9543}.Release|Win32.ActiveCfg = Release|Win32
		{7F4C55EF-9C88-4603-AB6D-A30D6CDD9543}.Release|Win32.Build.0 = Release|Win32
		{5091D3EF-CE63-4D20-800A-5B3CA06A9663}.Debug|Win32.ActiveCfg = Debug|Win32
		{5091D3EF-CE63-4D20-800A-5B3CA06A9663}.Debug|Win32.Build.0 = Debug|Win32
		{5091D3EF-CE63-4D20-800A-5B3CA06A9663}.Release|Win32.ActiveCfg = Release|Win32
		{5091D3EF-CE63-4D20-800A-5B3CA06A9663}.Release|Win32.Build.0 = Release|Win32
		{DD92ACC2-70E6-4B1A-8BE6-962AFB8F9897}.Debug|Win32.ActiveCfg = Debug|Win32
		{DD92ACC2-70E6-4B1A-8BE6-962AFB8F9897}.Debug|Win32.Build.0 = Debug|Win32
		{DD92ACC2-70E6-4B1A-8BE6-962AFB8F9897}.Release|Win32.ActiveCfg = Release|Win32
		{DD92ACC2-70E6-4B1A-8BE6-962AFB8F9897}.Release|Win32.Build.0 = Release|Win32
		{506FBF78-FE26-402C-9CCB-0C669D3852D4}.Debug|Win32.ActiveCfg = Debug|Win32
		{506FBF78-FE26-402C-9CCB-0C669D3852D4}.Debug|Win32.Build.0 = Debug|Win32
		{506FBF78-FE26-402C-9CCB-0C669D3852D4}.Release|Win32.ActiveCfg = Release|Win32
		{506FBF78-FE26-402C-9CCB-0C669D3852D4}.Release|Win32.Build.0 = Release|Win32
		{244F1619-8C2F-4B1E-AD44-3C3C7A35AB4D}.Debug|Win32.ActiveCfg = Debug|Win32
		{244F1619-8C2F-4B1E-AD44-3C3C7A35AB4D}.Debug|Win32.Build.0 = Debug|Win32
		{244F1619-8C2F-4B1E-AD44-3C3C7A35AB4D}.Release|Win32.ActiveCfg = Release|Win32
		{244F1619-8C2F-4B1E-AD44-3C3C7A35AB4D}.Release|Win32.Build.0 = Release|Win32
		{75ED18FC-9553-4FF2-8A77-59F9219B03FA}.Debug|Win32.ActiveCfg = Debug|Win32
		{75ED18FC-9553-4FF2-8A77-59F9219B03FA}.Debug|Win32.Build.0 = Debug|Win32
		{75ED18FC-9553-4FF2-8A77-59F9219B03FA}.Release|Win32.ActiveCfg = Release|Win32
		{75ED18FC-9553-4FF2-8A77-59F9219B03FA}.Release|Win32.Build.0 = Release|Win32
		{5D05872E-A4BF-4FF9-A403-CC57B66F2EE1}.Debug|Win32.ActiveCfg = Debug|Win32
		{5D05872E-A4BF-4FF9-A403-CC57B66F2EE1}.Debug|Win32.Build.0 = Debug|Win32
		{5D05872E-A4BF-4FF9-A403-CC57B66F2EE1}.Release|Win32.ActiveCfg = Release|Win32
		{5D05872E-A4BF-4FF9-A403-CC57B66F2EE1}.Release|Win32.Build.0 = Release|Win32
		{98C064DA-4C1F-4C91-9146-445DFE3E2CDB}.Debug|Win32.ActiveCfg = Debug|Win32
		{98C064DA-4C1F-4C91-9146-445DFE3E2CDB}.Debug|Win32.Build.0 = Debug|Win32
		{98C064DA-4C1F-4C91-9146-445DFE3E2CDB}.Release|Win32.ActiveCfg = Release|Win32
		{98C064DA-4C1F-4C91-9146-445DFE3E2CDB}.Release|Win32.Build.0 = Release|Win32
		{BA362F42-4029-4DA7-A1C4-0A24CE9E5909}.Debug|Win32.ActiveCfg = Debug|Win32
		{BA362F42-4029-4DA7-A1C4-0A24CE9E5909}.Debug|Win32.Build.0 = Debug|Win32
		{BA362F42-4029-4DA7-A1C4-0A24CE9E5909}.Release|Win32.ActiveCfg = Release|Win32
		{BA362F42-4029-4DA7-A1C4-0A24CE9E5909}.Release|Win32.Build.0 = Release|Win32
		{9FADCA04-E68A-46AD-A141-B9AB54E1C7DB}.Debug|Win32.ActiveCfg = Debug|Win32
		{9FADCA04-E68A-46AD-A141-B9AB54E1C7DB}.Debug|Win32.Build.0 = Debug|Win32
		{9FADCA04-E68A-46AD-A141-B9AB54E1C7DB}.Release|Win32.ActiveCfg = Release|Win32
		{9FADCA04-E68A-46AD-A141-B9AB54E1C7DB}.Release|Win32.Build.0 = Release|Win32
		{A7947B8C-6978-498D-9B31-8E7D80B73EBA}.Debug|Win32.ActiveCfg = Debug|Win32
		{A7947B8C-6978-498D-9B31-8E7D80B73EBA}.Debug|Win32.Build.0 = Debug|Win32
		{A7947B8C-6978-498D-9B31-8E7D80B73EBA}.Release|Win32.ActiveCfg = Release|Win32
		{A7947B8C-6978-498D-9B31-8E7D80B73EBA}.Release|Win32.Build.0 = Release|Win32
		{CB784844-6783-4701-9644-55C07250A57A}.Debug|Win32.ActiveCfg = Debug|Win32
		{CB784844-6783-4701-9644-55C07250A57A}.Debug|Win32.Build.0 = Debug|Win32
		{CB784844-6783-4701-9644-55C07250A57A}.Release|Win32.ActiveCfg = Release|Win32
		{CB784844-6783-4701-9644-55C07250A57A}.Release|Win32.Build.0 = Release|Win32
		{FD515D7C-74F0-4A96-8B70-11DFBEE1B2AA}.Debug|Win32.ActiveCfg = Debug|Win32
		{FD515D7C-74F0-4A96-8B70-11DFBEE1B2AA}.Debug|Win32.Build.0 = Debug|Win32
		{FD515D7C-74F0-4A96-8B70-11DFBEE1B2AA}.Release|Win32.ActiveCfg = Release|Win32
		{FD515D7C-74F0-4A96-8B70-11DFBEE1B2AA}.Release|Win32.Build.0 = Release|Win32
		{291E8F6A-3928-499F-A484-6E6069F6178C}.Debug|Win32.ActiveCfg = Debug|Win32
		{291E8F6A-3928-499F-A484-6E6069F6178C}.Debug|Win32.Build.0 = Debug|Win32
		{291E8F6A-3928-499F-A484-6E6069F6178C}.Release|Win32.ActiveCfg = Release|Win32
		{291E8F6A-3928-499F-A484-6E6069F6178C}.Release|Win32.Build.0 = Release|Win32
		{616ED2D8-B959-43D2-B3E4-DFC262AF157D}.Debug|Win32.ActiveCfg = Debug|Win32
		{616ED2D8-B959-43D2-B3E4-DFC262AF157D}.Debug|Win32.Build.0 = Debug|Win32
		{616ED2D8-B959-43D2-B3E4-DFC262AF157D}.Release|Win32.ActiveCfg = Release|Win32
		{616ED2D8-B959-43D2-B3E4-DFC262AF157D}.Release|Win32.Build.0 = Release|Win32
	EndGlobalSection
	GlobalSection(SolutionProperties) = preSolution
		HideSolutionNode = FALSE
	EndGlobalSection
EndGlobal
